
Microsoft Visual Studio Solution File, Format Version 12.00
# Visual Studio Version 17
VisualStudioVersion = 17.2.32516.85
MinimumVisualStudioVersion = 10.0.40219.1
Project("{FAE04EC0-301F-11D3-BF4B-00C04F79EFBC}") = "ApiSecurity", "ApiSecurity\ApiSecurity.csproj", "{F69BE973-5E83-4077-B28F-FB95B059CF01}"
EndProject
Global
	GlobalSection(SolutionConfigurationPlatforms) = preSolution
		Debug|Any CPU = Debug|Any CPU
		Release|Any CPU = Release|Any CPU
	EndGlobalSection
	GlobalSection(ProjectConfigurationPlatforms) = postSolution
		{F69BE973-5E83-4077-B28F-FB95B059CF01}.Debug|Any CPU.ActiveCfg = Debug|Any CPU
		{F69BE973-5E83-4077-B28F-FB95B059CF01}.Debug|Any CPU.Build.0 = Debug|Any CPU
		{F69BE973-5E83-4077-B28F-FB95B059CF01}.Release|Any CPU.ActiveCfg = Release|Any CPU
		{F69BE973-5E83-4077-B28F-FB95B059CF01}.Release|Any CPU.Build.0 = Release|Any CPU
	EndGlobalSection
	GlobalSection(SolutionProperties) = preSolution
		HideSolutionNode = FALSE
	EndGlobalSection
	GlobalSection(ExtensibilityGlobals) = postSolution
		SolutionGuid = {4488A3FD-9A90-4B75-B9A5-3FD0C219125D}
	EndGlobalSection
EndGlobal
